// !$*UTF8*$!
{
	archiveVersion = 1;
	classes = {
	};
	objectVersion = 55;
	objects = {

/* Begin PBXBuildFile section */
		EB269E5F285CDCE700B91825 /* InputIMCViewController.swift in Sources */ = {isa = PBXBuildFile; fileRef = EB269E5E285CDCE700B91825 /* InputIMCViewController.swift */; };
		EB269E61285CDCF100B91825 /* ResultIMCViewController.swift in Sources */ = {isa = PBXBuildFile; fileRef = EB269E60285CDCF100B91825 /* ResultIMCViewController.swift */; };
		EB269E64285CDE1B00B91825 /* Coordinator.swift in Sources */ = {isa = PBXBuildFile; fileRef = EB269E63285CDE1B00B91825 /* Coordinator.swift */; };
		EB269E66285CE0D000B91825 /* MainCoordinator.swift in Sources */ = {isa = PBXBuildFile; fileRef = EB269E65285CE0D000B91825 /* MainCoordinator.swift */; };
		EB269E68285CE35800B91825 /* MainFactory.swift in Sources */ = {isa = PBXBuildFile; fileRef = EB269E67285CE35700B91825 /* MainFactory.swift */; };
		EB4BC00C284BF17400B6460D /* AppDelegate.swift in Sources */ = {isa = PBXBuildFile; fileRef = EB4BC00B284BF17400B6460D /* AppDelegate.swift */; };
		EB4BC00E284BF17400B6460D /* SceneDelegate.swift in Sources */ = {isa = PBXBuildFile; fileRef = EB4BC00D284BF17400B6460D /* SceneDelegate.swift */; };
		EB4BC010284BF17400B6460D /* MainViewController.swift in Sources */ = {isa = PBXBuildFile; fileRef = EB4BC00F284BF17400B6460D /* MainViewController.swift */; };
		EB4BC015284BF17500B6460D /* Assets.xcassets in Resources */ = {isa = PBXBuildFile; fileRef = EB4BC014284BF17500B6460D /* Assets.xcassets */; };
		EB4BC018284BF17500B6460D /* LaunchScreen.storyboard in Resources */ = {isa = PBXBuildFile; fileRef = EB4BC016284BF17500B6460D /* LaunchScreen.storyboard */; };
		EB4BC020284C0ECD00B6460D /* MainViewController.xib in Resources */ = {isa = PBXBuildFile; fileRef = EB4BC01F284C0ECD00B6460D /* MainViewController.xib */; };
		EBA140982853C99900653227 /* TableViewDataSource.swift in Sources */ = {isa = PBXBuildFile; fileRef = EBA140972853C99900653227 /* TableViewDataSource.swift */; };
		EBA1409A2853C9D600653227 /* TableViewDelegate.swift in Sources */ = {isa = PBXBuildFile; fileRef = EBA140992853C9D600653227 /* TableViewDelegate.swift */; };
		EBE117FA284E7A0E00326C62 /* MainViewModel.swift in Sources */ = {isa = PBXBuildFile; fileRef = EBE117F9284E7A0E00326C62 /* MainViewModel.swift */; };
		EBE117FC284E7A3700326C62 /* Model.swift in Sources */ = {isa = PBXBuildFile; fileRef = EBE117FB284E7A3700326C62 /* Model.swift */; };
/* End PBXBuildFile section */

/* Begin PBXFileReference section */
		EB269E5E285CDCE700B91825 /* InputIMCViewController.swift */ = {isa = PBXFileReference; lastKnownFileType = sourcecode.swift; path = InputIMCViewController.swift; sourceTree = "<group>"; };
		EB269E60285CDCF100B91825 /* ResultIMCViewController.swift */ = {isa = PBXFileReference; lastKnownFileType = sourcecode.swift; path = ResultIMCViewController.swift; sourceTree = "<group>"; };
		EB269E63285CDE1B00B91825 /* Coordinator.swift */ = {isa = PBXFileReference; lastKnownFileType = sourcecode.swift; path = Coordinator.swift; sourceTree = "<group>"; };
		EB269E65285CE0D000B91825 /* MainCoordinator.swift */ = {isa = PBXFileReference; lastKnownFileType = sourcecode.swift; path = MainCoordinator.swift; sourceTree = "<group>"; };
		EB269E67285CE35700B91825 /* MainFactory.swift */ = {isa = PBXFileReference; lastKnownFileType = sourcecode.swift; path = MainFactory.swift; sourceTree = "<group>"; };
		EB4BC008284BF17400B6460D /* Challenge.app */ = {isa = PBXFileReference; explicitFileType = wrapper.application; includeInIndex = 0; path = Challenge.app; sourceTree = BUILT_PRODUCTS_DIR; };
		EB4BC00B284BF17400B6460D /* AppDelegate.swift */ = {isa = PBXFileReference; lastKnownFileType = sourcecode.swift; path = AppDelegate.swift; sourceTree = "<group>"; };
		EB4BC00D284BF17400B6460D /* SceneDelegate.swift */ = {isa = PBXFileReference; lastKnownFileType = sourcecode.swift; path = SceneDelegate.swift; sourceTree = "<group>"; };
		EB4BC00F284BF17400B6460D /* MainViewController.swift */ = {isa = PBXFileReference; lastKnownFileType = sourcecode.swift; path = MainViewController.swift; sourceTree = "<group>"; };
		EB4BC014284BF17500B6460D /* Assets.xcassets */ = {isa = PBXFileReference; lastKnownFileType = folder.assetcatalog; path = Assets.xcassets; sourceTree = "<group>"; };
		EB4BC017284BF17500B6460D /* Base */ = {isa = PBXFileReference; lastKnownFileType = file.storyboard; name = Base; path = Base.lproj/LaunchScreen.storyboard; sourceTree = "<group>"; };
		EB4BC019284BF17500B6460D /* Info.plist */ = {isa = PBXFileReference; lastKnownFileType = text.plist.xml; path = Info.plist; sourceTree = "<group>"; };
		EB4BC01F284C0ECD00B6460D /* MainViewController.xib */ = {isa = PBXFileReference; lastKnownFileType = file.xib; path = MainViewController.xib; sourceTree = "<group>"; };
		EBA140972853C99900653227 /* TableViewDataSource.swift */ = {isa = PBXFileReference; lastKnownFileType = sourcecode.swift; path = TableViewDataSource.swift; sourceTree = "<group>"; };
		EBA140992853C9D600653227 /* TableViewDelegate.swift */ = {isa = PBXFileReference; lastKnownFileType = sourcecode.swift; path = TableViewDelegate.swift; sourceTree = "<group>"; };
		EBE117F9284E7A0E00326C62 /* MainViewModel.swift */ = {isa = PBXFileReference; lastKnownFileType = sourcecode.swift; path = MainViewModel.swift; sourceTree = "<group>"; };
		EBE117FB284E7A3700326C62 /* Model.swift */ = {isa = PBXFileReference; lastKnownFileType = sourcecode.swift; path = Model.swift; sourceTree = "<group>"; };
/* End PBXFileReference section */

/* Begin PBXFrameworksBuildPhase section */
		EB4BC005284BF17400B6460D /* Frameworks */ = {
			isa = PBXFrameworksBuildPhase;
			buildActionMask = 2147483647;
			files = (
			);
			runOnlyForDeploymentPostprocessing = 0;
		};
/* End PBXFrameworksBuildPhase section */

/* Begin PBXGroup section */
		EB269E5C285CDC0E00B91825 /* IMC */ = {
			isa = PBXGroup;
			children = (
				EB269E5E285CDCE700B91825 /* InputIMCViewController.swift */,
				EB269E60285CDCF100B91825 /* ResultIMCViewController.swift */,
			);
			path = IMC;
			sourceTree = "<group>";
		};
		EB269E5D285CDC1B00B91825 /* Scenes */ = {
			isa = PBXGroup;
			children = (
				EB4BC021284C0ED200B6460D /* Main */,
				EB269E5C285CDC0E00B91825 /* IMC */,
				EBA140962853C8A500653227 /* Components */,
			);
			path = Scenes;
			sourceTree = "<group>";
		};
		EB269E62285CDDFF00B91825 /* Coordinator */ = {
			isa = PBXGroup;
			children = (
				EB269E63285CDE1B00B91825 /* Coordinator.swift */,
				EB269E65285CE0D000B91825 /* MainCoordinator.swift */,
			);
			path = Coordinator;
			sourceTree = "<group>";
		};
		EB4BBFFF284BF17400B6460D = {
			isa = PBXGroup;
			children = (
				EB4BC00A284BF17400B6460D /* Challenge */,
				EB4BC009284BF17400B6460D /* Products */,
			);
			sourceTree = "<group>";
		};
		EB4BC009284BF17400B6460D /* Products */ = {
			isa = PBXGroup;
			children = (
				EB4BC008284BF17400B6460D /* Challenge.app */,
			);
			name = Products;
			sourceTree = "<group>";
		};
		EB4BC00A284BF17400B6460D /* Challenge */ = {
			isa = PBXGroup;
			children = (
				EBE117FD284E8ADF00326C62 /* App */,
				EBE117FE284E8AF600326C62 /* Model */,
				EB269E5D285CDC1B00B91825 /* Scenes */,
				EB269E62285CDDFF00B91825 /* Coordinator */,
			);
			path = Challenge;
			sourceTree = "<group>";
		};
		EB4BC021284C0ED200B6460D /* Main */ = {
			isa = PBXGroup;
			children = (
				EB4BC00F284BF17400B6460D /* MainViewController.swift */,
				EBE117F9284E7A0E00326C62 /* MainViewModel.swift */,
				EB269E67285CE35700B91825 /* MainFactory.swift */,
				EB4BC01F284C0ECD00B6460D /* MainViewController.xib */,
			);
			path = Main;
			sourceTree = "<group>";
		};
		EBA140962853C8A500653227 /* Components */ = {
			isa = PBXGroup;
			children = (
				EBA140972853C99900653227 /* TableViewDataSource.swift */,
				EBA140992853C9D600653227 /* TableViewDelegate.swift */,
			);
			path = Components;
			sourceTree = "<group>";
		};
		EBE117FD284E8ADF00326C62 /* App */ = {
			isa = PBXGroup;
			children = (
				EB4BC00B284BF17400B6460D /* AppDelegate.swift */,
				EB4BC00D284BF17400B6460D /* SceneDelegate.swift */,
				EB4BC016284BF17500B6460D /* LaunchScreen.storyboard */,
				EB4BC014284BF17500B6460D /* Assets.xcassets */,
				EB4BC019284BF17500B6460D /* Info.plist */,
			);
			path = App;
			sourceTree = "<group>";
		};
		EBE117FE284E8AF600326C62 /* Model */ = {
			isa = PBXGroup;
			children = (
				EBE117FB284E7A3700326C62 /* Model.swift */,
			);
			path = Model;
			sourceTree = "<group>";
		};
/* End PBXGroup section */

/* Begin PBXNativeTarget section */
		EB4BC007284BF17400B6460D /* Challenge */ = {
			isa = PBXNativeTarget;
			buildConfigurationList = EB4BC01C284BF17500B6460D /* Build configuration list for PBXNativeTarget "Challenge" */;
			buildPhases = (
				EB4BC004284BF17400B6460D /* Sources */,
				EB4BC005284BF17400B6460D /* Frameworks */,
				EB4BC006284BF17400B6460D /* Resources */,
			);
			buildRules = (
			);
			dependencies = (
			);
			name = Challenge;
			productName = "Creatiing a List";
			productReference = EB4BC008284BF17400B6460D /* Challenge.app */;
			productType = "com.apple.product-type.application";
		};
/* End PBXNativeTarget section */

/* Begin PBXProject section */
		EB4BC000284BF17400B6460D /* Project object */ = {
			isa = PBXProject;
			attributes = {
				BuildIndependentTargetsInParallel = 1;
				LastSwiftUpdateCheck = 1340;
				LastUpgradeCheck = 1340;
				TargetAttributes = {
					EB4BC007284BF17400B6460D = {
						CreatedOnToolsVersion = 13.4.1;
					};
				};
			};
			buildConfigurationList = EB4BC003284BF17400B6460D /* Build configuration list for PBXProject "Challenge" */;
			compatibilityVersion = "Xcode 13.0";
			developmentRegion = en;
			hasScannedForEncodings = 0;
			knownRegions = (
				en,
				Base,
			);
			mainGroup = EB4BBFFF284BF17400B6460D;
			productRefGroup = EB4BC009284BF17400B6460D /* Products */;
			projectDirPath = "";
			projectRoot = "";
			targets = (
				EB4BC007284BF17400B6460D /* Challenge */,
			);
		};
/* End PBXProject section */

/* Begin PBXResourcesBuildPhase section */
		EB4BC006284BF17400B6460D /* Resources */ = {
			isa = PBXResourcesBuildPhase;
			buildActionMask = 2147483647;
			files = (
				EB4BC018284BF17500B6460D /* LaunchScreen.storyboard in Resources */,
				EB4BC020284C0ECD00B6460D /* MainViewController.xib in Resources */,
				EB4BC015284BF17500B6460D /* Assets.xcassets in Resources */,
			);
			runOnlyForDeploymentPostprocessing = 0;
		};
/* End PBXResourcesBuildPhase section */

/* Begin PBXSourcesBuildPhase section */
		EB4BC004284BF17400B6460D /* Sources */ = {
			isa = PBXSourcesBuildPhase;
			buildActionMask = 2147483647;
			files = (
				EBA1409A2853C9D600653227 /* TableViewDelegate.swift in Sources */,
				EB269E68285CE35800B91825 /* MainFactory.swift in Sources */,
				EBA140982853C99900653227 /* TableViewDataSource.swift in Sources */,
				EB269E64285CDE1B00B91825 /* Coordinator.swift in Sources */,
				EB269E5F285CDCE700B91825 /* InputIMCViewController.swift in Sources */,
				EBE117FC284E7A3700326C62 /* Model.swift in Sources */,
				EB269E66285CE0D000B91825 /* MainCoordinator.swift in Sources */,
				EB4BC010284BF17400B6460D /* MainViewController.swift in Sources */,
				EB4BC00C284BF17400B6460D /* AppDelegate.swift in Sources */,
				EB269E61285CDCF100B91825 /* ResultIMCViewController.swift in Sources */,
				EB4BC00E284BF17400B6460D /* SceneDelegate.swift in Sources */,
				EBE117FA284E7A0E00326C62 /* MainViewModel.swift in Sources */,
			);
			runOnlyForDeploymentPostprocessing = 0;
		};
/* End PBXSourcesBuildPhase section */

/* Begin PBXVariantGroup section */
		EB4BC016284BF17500B6460D /* LaunchScreen.storyboard */ = {
			isa = PBXVariantGroup;
			children = (
				EB4BC017284BF17500B6460D /* Base */,
			);
			name = LaunchScreen.storyboard;
			sourceTree = "<group>";
		};
/* End PBXVariantGroup section */

/* Begin XCBuildConfiguration section */
		EB4BC01A284BF17500B6460D /* Debug */ = {
			isa = XCBuildConfiguration;
			buildSettings = {
				ALWAYS_SEARCH_USER_PATHS = NO;
				CLANG_ANALYZER_NONNULL = YES;
				CLANG_ANALYZER_NUMBER_OBJECT_CONVERSION = YES_AGGRESSIVE;
				CLANG_CXX_LANGUAGE_STANDARD = "gnu++17";
				CLANG_ENABLE_MODULES = YES;
				CLANG_ENABLE_OBJC_ARC = YES;
				CLANG_ENABLE_OBJC_WEAK = YES;
				CLANG_WARN_BLOCK_CAPTURE_AUTORELEASING = YES;
				CLANG_WARN_BOOL_CONVERSION = YES;
				CLANG_WARN_COMMA = YES;
				CLANG_WARN_CONSTANT_CONVERSION = YES;
				CLANG_WARN_DEPRECATED_OBJC_IMPLEMENTATIONS = YES;
				CLANG_WARN_DIRECT_OBJC_ISA_USAGE = YES_ERROR;
				CLANG_WARN_DOCUMENTATION_COMMENTS = YES;
				CLANG_WARN_EMPTY_BODY = YES;
				CLANG_WARN_ENUM_CONVERSION = YES;
				CLANG_WARN_INFINITE_RECURSION = YES;
				CLANG_WARN_INT_CONVERSION = YES;
				CLANG_WARN_NON_LITERAL_NULL_CONVERSION = YES;
				CLANG_WARN_OBJC_IMPLICIT_RETAIN_SELF = YES;
				CLANG_WARN_OBJC_LITERAL_CONVERSION = YES;
				CLANG_WARN_OBJC_ROOT_CLASS = YES_ERROR;
				CLANG_WARN_QUOTED_INCLUDE_IN_FRAMEWORK_HEADER = YES;
				CLANG_WARN_RANGE_LOOP_ANALYSIS = YES;
				CLANG_WARN_STRICT_PROTOTYPES = YES;
				CLANG_WARN_SUSPICIOUS_MOVE = YES;
				CLANG_WARN_UNGUARDED_AVAILABILITY = YES_AGGRESSIVE;
				CLANG_WARN_UNREACHABLE_CODE = YES;
				CLANG_WARN__DUPLICATE_METHOD_MATCH = YES;
				COPY_PHASE_STRIP = NO;
				DEBUG_INFORMATION_FORMAT = dwarf;
				ENABLE_STRICT_OBJC_MSGSEND = YES;
				ENABLE_TESTABILITY = YES;
				GCC_C_LANGUAGE_STANDARD = gnu11;
				GCC_DYNAMIC_NO_PIC = NO;
				GCC_NO_COMMON_BLOCKS = YES;
				GCC_OPTIMIZATION_LEVEL = 0;
				GCC_PREPROCESSOR_DEFINITIONS = (
					"DEBUG=1",
					"$(inherited)",
				);
				GCC_WARN_64_TO_32_BIT_CONVERSION = YES;
				GCC_WARN_ABOUT_RETURN_TYPE = YES_ERROR;
				GCC_WARN_UNDECLARED_SELECTOR = YES;
				GCC_WARN_UNINITIALIZED_AUTOS = YES_AGGRESSIVE;
				GCC_WARN_UNUSED_FUNCTION = YES;
				GCC_WARN_UNUSED_VARIABLE = YES;
				IPHONEOS_DEPLOYMENT_TARGET = 15.5;
				MTL_ENABLE_DEBUG_INFO = INCLUDE_SOURCE;
				MTL_FAST_MATH = YES;
				ONLY_ACTIVE_ARCH = YES;
				SDKROOT = iphoneos;
				SWIFT_ACTIVE_COMPILATION_CONDITIONS = DEBUG;
				SWIFT_OPTIMIZATION_LEVEL = "-Onone";
			};
			name = Debug;
		};
		EB4BC01B284BF17500B6460D /* Release */ = {
			isa = XCBuildConfiguration;
			buildSettings = {
				ALWAYS_SEARCH_USER_PATHS = NO;
				CLANG_ANALYZER_NONNULL = YES;
				CLANG_ANALYZER_NUMBER_OBJECT_CONVERSION = YES_AGGRESSIVE;
				CLANG_CXX_LANGUAGE_STANDARD = "gnu++17";
				CLANG_ENABLE_MODULES = YES;
				CLANG_ENABLE_OBJC_ARC = YES;
				CLANG_ENABLE_OBJC_WEAK = YES;
				CLANG_WARN_BLOCK_CAPTURE_AUTORELEASING = YES;
				CLANG_WARN_BOOL_CONVERSION = YES;
				CLANG_WARN_COMMA = YES;
				CLANG_WARN_CONSTANT_CONVERSION = YES;
				CLANG_WARN_DEPRECATED_OBJC_IMPLEMENTATIONS = YES;
				CLANG_WARN_DIRECT_OBJC_ISA_USAGE = YES_ERROR;
				CLANG_WARN_DOCUMENTATION_COMMENTS = YES;
				CLANG_WARN_EMPTY_BODY = YES;
				CLANG_WARN_ENUM_CONVERSION = YES;
				CLANG_WARN_INFINITE_RECURSION = YES;
				CLANG_WARN_INT_CONVERSION = YES;
				CLANG_WARN_NON_LITERAL_NULL_CONVERSION = YES;
				CLANG_WARN_OBJC_IMPLICIT_RETAIN_SELF = YES;
				CLANG_WARN_OBJC_LITERAL_CONVERSION = YES;
				CLANG_WARN_OBJC_ROOT_CLASS = YES_ERROR;
				CLANG_WARN_QUOTED_INCLUDE_IN_FRAMEWORK_HEADER = YES;
				CLANG_WARN_RANGE_LOOP_ANALYSIS = YES;
				CLANG_WARN_STRICT_PROTOTYPES = YES;
				CLANG_WARN_SUSPICIOUS_MOVE = YES;
				CLANG_WARN_UNGUARDED_AVAILABILITY = YES_AGGRESSIVE;
				CLANG_WARN_UNREACHABLE_CODE = YES;
				CLANG_WARN__DUPLICATE_METHOD_MATCH = YES;
				COPY_PHASE_STRIP = NO;
				DEBUG_INFORMATION_FORMAT = "dwarf-with-dsym";
				ENABLE_NS_ASSERTIONS = NO;
				ENABLE_STRICT_OBJC_MSGSEND = YES;
				GCC_C_LANGUAGE_STANDARD = gnu11;
				GCC_NO_COMMON_BLOCKS = YES;
				GCC_WARN_64_TO_32_BIT_CONVERSION = YES;
				GCC_WARN_ABOUT_RETURN_TYPE = YES_ERROR;
				GCC_WARN_UNDECLARED_SELECTOR = YES;
				GCC_WARN_UNINITIALIZED_AUTOS = YES_AGGRESSIVE;
				GCC_WARN_UNUSED_FUNCTION = YES;
				GCC_WARN_UNUSED_VARIABLE = YES;
				IPHONEOS_DEPLOYMENT_TARGET = 15.5;
				MTL_ENABLE_DEBUG_INFO = NO;
				MTL_FAST_MATH = YES;
				SDKROOT = iphoneos;
				SWIFT_COMPILATION_MODE = wholemodule;
				SWIFT_OPTIMIZATION_LEVEL = "-O";
				VALIDATE_PRODUCT = YES;
			};
			name = Release;
		};
		EB4BC01D284BF17500B6460D /* Debug */ = {
			isa = XCBuildConfiguration;
			buildSettings = {
				ASSETCATALOG_COMPILER_APPICON_NAME = AppIcon;
				ASSETCATALOG_COMPILER_GLOBAL_ACCENT_COLOR_NAME = AccentColor;
				CODE_SIGN_STYLE = Automatic;
				CURRENT_PROJECT_VERSION = 1;
				DEVELOPMENT_TEAM = VG68TYQ5GK;
				GENERATE_INFOPLIST_FILE = YES;
				INFOPLIST_FILE = Challenge/App/Info.plist;
				INFOPLIST_KEY_CFBundleDisplayName = Challenge;
				INFOPLIST_KEY_UIApplicationSupportsIndirectInputEvents = YES;
				INFOPLIST_KEY_UILaunchStoryboardName = LaunchScreen;
				INFOPLIST_KEY_UISupportedInterfaceOrientations_iPad = "UIInterfaceOrientationPortrait UIInterfaceOrientationPortraitUpsideDown UIInterfaceOrientationLandscapeLeft UIInterfaceOrientationLandscapeRight";
				INFOPLIST_KEY_UISupportedInterfaceOrientations_iPhone = "UIInterfaceOrientationPortrait UIInterfaceOrientationLandscapeLeft UIInterfaceOrientationLandscapeRight";
				LD_RUNPATH_SEARCH_PATHS = (
					"$(inherited)",
					"@executable_path/Frameworks",
				);
				MARKETING_VERSION = 1.0;
				PRODUCT_BUNDLE_IDENTIFIER = com.ghostlabz.Challenge;
				PRODUCT_NAME = "$(TARGET_NAME)";
				SWIFT_EMIT_LOC_STRINGS = YES;
				SWIFT_VERSION = 5.0;
				TARGETED_DEVICE_FAMILY = "1,2";
			};
			name = Debug;
		};
		EB4BC01E284BF17500B6460D /* Release */ = {
			isa = XCBuildConfiguration;
			buildSettings = {
				ASSETCATALOG_COMPILER_APPICON_NAME = AppIcon;
				ASSETCATALOG_COMPILER_GLOBAL_ACCENT_COLOR_NAME = AccentColor;
				CODE_SIGN_STYLE = Automatic;
				CURRENT_PROJECT_VERSION = 1;
				DEVELOPMENT_TEAM = VG68TYQ5GK;
				GENERATE_INFOPLIST_FILE = YES;
				INFOPLIST_FILE = Challenge/App/Info.plist;
				INFOPLIST_KEY_CFBundleDisplayName = Challenge;
				INFOPLIST_KEY_UIApplicationSupportsIndirectInputEvents = YES;
				INFOPLIST_KEY_UILaunchStoryboardName = LaunchScreen;
				INFOPLIST_KEY_UISupportedInterfaceOrientations_iPad = "UIInterfaceOrientationPortrait UIInterfaceOrientationPortraitUpsideDown UIInterfaceOrientationLandscapeLeft UIInterfaceOrientationLandscapeRight";
				INFOPLIST_KEY_UISupportedInterfaceOrientations_iPhone = "UIInterfaceOrientationPortrait UIInterfaceOrientationLandscapeLeft UIInterfaceOrientationLandscapeRight";
				LD_RUNPATH_SEARCH_PATHS = (
					"$(inherited)",
					"@executable_path/Frameworks",
				);
				MARKETING_VERSION = 1.0;
				PRODUCT_BUNDLE_IDENTIFIER = com.ghostlabz.Challenge;
				PRODUCT_NAME = "$(TARGET_NAME)";
				SWIFT_EMIT_LOC_STRINGS = YES;
				SWIFT_VERSION = 5.0;
				TARGETED_DEVICE_FAMILY = "1,2";
			};
			name = Release;
		};
/* End XCBuildConfiguration section */

/* Begin XCConfigurationList section */
		EB4BC003284BF17400B6460D /* Build configuration list for PBXProject "Challenge" */ = {
			isa = XCConfigurationList;
			buildConfigurations = (
				EB4BC01A284BF17500B6460D /* Debug */,
				EB4BC01B284BF17500B6460D /* Release */,
			);
			defaultConfigurationIsVisible = 0;
			defaultConfigurationName = Release;
		};
		EB4BC01C284BF17500B6460D /* Build configuration list for PBXNativeTarget "Challenge" */ = {
			isa = XCConfigurationList;
			buildConfigurations = (
				EB4BC01D284BF17500B6460D /* Debug */,
				EB4BC01E284BF17500B6460D /* Release */,
			);
			defaultConfigurationIsVisible = 0;
			defaultConfigurationName = Release;
		};
/* End XCConfigurationList section */
	};
	rootObject = EB4BC000284BF17400B6460D /* Project object */;
}
